
Microsoft Visual Studio Solution File, Format Version 12.00
Project("{FAE04EC0-301F-11D3-BF4B-00C04F79EFBC}") = "Сursovaya", "Сursovaya\Сursovaya.csproj", "{C57F8DC8-2D72-425F-B99E-14D8FD157888}"
EndProject
Global
	GlobalSection(SolutionConfigurationPlatforms) = preSolution
		Debug|Any CPU = Debug|Any CPU
		Release|Any CPU = Release|Any CPU
	EndGlobalSection
	GlobalSection(ProjectConfigurationPlatforms) = postSolution
		{C57F8DC8-2D72-425F-B99E-14D8FD157888}.Debug|Any CPU.ActiveCfg = Debug|Any CPU
		{C57F8DC8-2D72-425F-B99E-14D8FD157888}.Debug|Any CPU.Build.0 = Debug|Any CPU
		{C57F8DC8-2D72-425F-B99E-14D8FD157888}.Release|Any CPU.ActiveCfg = Release|Any CPU
		{C57F8DC8-2D72-425F-B99E-14D8FD157888}.Release|Any CPU.Build.0 = Release|Any CPU
	EndGlobalSection
EndGlobal
